
Microsoft Visual Studio Solution File, Format Version 12.00
# Visual Studio 14
VisualStudioVersion = 14.0.25420.1
MinimumVisualStudioVersion = 10.0.40219.1
Project("{8BB2217D-0F2D-49D1-97BC-3654ED321F3B}") = "Wicture.DbRESTFul", "Wicture.DbRESTFul\Wicture.DbRESTFul.xproj", "{5E70FB20-EBA3-4934-8936-67CD37E3F05B}"
EndProject
Global
	GlobalSection(SolutionConfigurationPlatforms) = preSolution
		Debug|Any CPU = Debug|Any CPU
		Release|Any CPU = Release|Any CPU
	EndGlobalSection
	GlobalSection(ProjectConfigurationPlatforms) = postSolution
		{5E70FB20-EBA3-4934-8936-67CD37E3F05B}.Debug|Any CPU.ActiveCfg = Debug|Any CPU
		{5E70FB20-EBA3-4934-8936-67CD37E3F05B}.Debug|Any CPU.Build.0 = Debug|Any CPU
		{5E70FB20-EBA3-4934-8936-67CD37E3F05B}.Release|Any CPU.ActiveCfg = Release|Any CPU
		{5E70FB20-EBA3-4934-8936-67CD37E3F05B}.Release|Any CPU.Build.0 = Release|Any CPU
	EndGlobalSection
	GlobalSection(SolutionProperties) = preSolution
		HideSolutionNode = FALSE
	EndGlobalSection
EndGlobal
